
Microsoft Visual Studio Solution File, Format Version 12.00
# Visual Studio Version 17
VisualStudioVersion = 17.14.36301.6 d17.14
MinimumVisualStudioVersion = 10.0.40219.1
Project("{FAE04EC0-301F-11D3-BF4B-00C04F79EFBC}") = "ExamPortal.WebApi", "ExamPortal.WebApi\ExamPortal.WebApi.csproj", "{82B2E092-73AF-4E48-B512-FAA7CA72F700}"
EndProject
Project("{FAE04EC0-301F-11D3-BF4B-00C04F79EFBC}") = "ExamPortal.Core", "ExamPortal.Core\ExamPortal.Core.csproj", "{23534603-7918-4C5F-8BDA-03C2217A5690}"
EndProject
Project("{FAE04EC0-301F-11D3-BF4B-00C04F79EFBC}") = "ExamPortal.Infrastructure", "ExamPortal.Infrastructure\ExamPortal.Infrastructure.csproj", "{4CA2650E-581F-4B83-B46D-9963670ACB13}"
EndProject
Global
	GlobalSection(SolutionConfigurationPlatforms) = preSolution
		Debug|Any CPU = Debug|Any CPU
		Release|Any CPU = Release|Any CPU
	EndGlobalSection
	GlobalSection(ProjectConfigurationPlatforms) = postSolution
		{82B2E092-73AF-4E48-B512-FAA7CA72F700}.Debug|Any CPU.ActiveCfg = Debug|Any CPU
		{82B2E092-73AF-4E48-B512-FAA7CA72F700}.Debug|Any CPU.Build.0 = Debug|Any CPU
		{82B2E092-73AF-4E48-B512-FAA7CA72F700}.Release|Any CPU.ActiveCfg = Release|Any CPU
		{82B2E092-73AF-4E48-B512-FAA7CA72F700}.Release|Any CPU.Build.0 = Release|Any CPU
		{23534603-7918-4C5F-8BDA-03C2217A5690}.Debug|Any CPU.ActiveCfg = Debug|Any CPU
		{23534603-7918-4C5F-8BDA-03C2217A5690}.Debug|Any CPU.Build.0 = Debug|Any CPU
		{23534603-7918-4C5F-8BDA-03C2217A5690}.Release|Any CPU.ActiveCfg = Release|Any CPU
		{23534603-7918-4C5F-8BDA-03C2217A5690}.Release|Any CPU.Build.0 = Release|Any CPU
		{4CA2650E-581F-4B83-B46D-9963670ACB13}.Debug|Any CPU.ActiveCfg = Debug|Any CPU
		{4CA2650E-581F-4B83-B46D-9963670ACB13}.Debug|Any CPU.Build.0 = Debug|Any CPU
		{4CA2650E-581F-4B83-B46D-9963670ACB13}.Release|Any CPU.ActiveCfg = Release|Any CPU
		{4CA2650E-581F-4B83-B46D-9963670ACB13}.Release|Any CPU.Build.0 = Release|Any CPU
	EndGlobalSection
	GlobalSection(SolutionProperties) = preSolution
		HideSolutionNode = FALSE
	EndGlobalSection
	GlobalSection(ExtensibilityGlobals) = postSolution
		SolutionGuid = {DCA989B0-F49D-4BD3-9741-EB9BFB2FAB8A}
	EndGlobalSection
EndGlobal
